
Microsoft Visual Studio Solution File, Format Version 12.00
# Visual Studio Version 16
VisualStudioVersion = 16.0.29613.14
MinimumVisualStudioVersion = 10.0.40219.1
Project("{FAE04EC0-301F-11D3-BF4B-00C04F79EFBC}") = "ContosoUniversity", "ContosoUniversity\ContosoUniversity.csproj", "{FA5C87DB-162F-4748-851C-9BD4EDAAD50D}"
EndProject
Global
	GlobalSection(SolutionConfigurationPlatforms) = preSolution
		Debug|Any CPU = Debug|Any CPU
		Release|Any CPU = Release|Any CPU
	EndGlobalSection
	GlobalSection(ProjectConfigurationPlatforms) = postSolution
		{FA5C87DB-162F-4748-851C-9BD4EDAAD50D}.Debug|Any CPU.ActiveCfg = Debug|Any CPU
		{FA5C87DB-162F-4748-851C-9BD4EDAAD50D}.Debug|Any CPU.Build.0 = Debug|Any CPU
		{FA5C87DB-162F-4748-851C-9BD4EDAAD50D}.Release|Any CPU.ActiveCfg = Release|Any CPU
		{FA5C87DB-162F-4748-851C-9BD4EDAAD50D}.Release|Any CPU.Build.0 = Release|Any CPU
	EndGlobalSection
	GlobalSection(SolutionProperties) = preSolution
		HideSolutionNode = FALSE
	EndGlobalSection
	GlobalSection(ExtensibilityGlobals) = postSolution
		SolutionGuid = {7B99C895-78B3-4D23-BBF6-FC7C284D7882}
	EndGlobalSection
EndGlobal
